
Microsoft Visual Studio Solution File, Format Version 12.00
# Visual Studio Version 16
VisualStudioVersion = 16.0.30114.105
MinimumVisualStudioVersion = 10.0.40219.1
Project("{FAE04EC0-301F-11D3-BF4B-00C04F79EFBC}") = "Train Calculator", "Train Calculator\Train Calculator.csproj", "{67BA68AD-CEBA-49D4-B02A-B3CA23CB7758}"
EndProject
Global
	GlobalSection(SolutionConfigurationPlatforms) = preSolution
		Debug|Any CPU = Debug|Any CPU
		Release|Any CPU = Release|Any CPU
	EndGlobalSection
	GlobalSection(ProjectConfigurationPlatforms) = postSolution
		{67BA68AD-CEBA-49D4-B02A-B3CA23CB7758}.Debug|Any CPU.ActiveCfg = Debug|Any CPU
		{67BA68AD-CEBA-49D4-B02A-B3CA23CB7758}.Debug|Any CPU.Build.0 = Debug|Any CPU
		{67BA68AD-CEBA-49D4-B02A-B3CA23CB7758}.Release|Any CPU.ActiveCfg = Release|Any CPU
		{67BA68AD-CEBA-49D4-B02A-B3CA23CB7758}.Release|Any CPU.Build.0 = Release|Any CPU
	EndGlobalSection
	GlobalSection(SolutionProperties) = preSolution
		HideSolutionNode = FALSE
	EndGlobalSection
	GlobalSection(ExtensibilityGlobals) = postSolution
		SolutionGuid = {31D2DC26-36D8-4D5C-A855-FE4FA81A097A}
	EndGlobalSection
EndGlobal
